# This file is generated by running "yarn install" inside your project.
# Manual changes might be lost - proceed with caution!

__metadata:
  version: 6
  cacheKey: 8

"@babel/runtime@npm:^7.3.1, @babel/runtime@npm:^7.4.4, @babel/runtime@npm:^7.5.5, @babel/runtime@npm:^7.8.3, @babel/runtime@npm:^7.8.7":
  version: 7.21.0
  resolution: "@babel/runtime@npm:7.21.0"
  dependencies:
    regenerator-runtime: ^0.13.11
  checksum: 7b33e25bfa9e0e1b9e8828bb61b2d32bdd46b41b07ba7cb43319ad08efc6fda8eb89445193e67d6541814627df0ca59122c0ea795e412b99c5183a0540d338ab
  languageName: node
  linkType: hard

"@emotion/hash@npm:^0.8.0":
  version: 0.8.0
  resolution: "@emotion/hash@npm:0.8.0"
  checksum: 4b35d88a97e67275c1d990c96d3b0450451d089d1508619488fc0acb882cb1ac91e93246d471346ebd1b5402215941ef4162efe5b51534859b39d8b3a0e3ffaa
  languageName: node
  linkType: hard

"@material-ui/core@npm:^4.12.4":
  version: 4.12.4
  resolution: "@material-ui/core@npm:4.12.4"
  dependencies:
    "@babel/runtime": ^7.4.4
    "@material-ui/styles": ^4.11.5
    "@material-ui/system": ^4.12.2
    "@material-ui/types": 5.1.0
    "@material-ui/utils": ^4.11.3
    "@types/react-transition-group": ^4.2.0
    clsx: ^1.0.4
    hoist-non-react-statics: ^3.3.2
    popper.js: 1.16.1-lts
    prop-types: ^15.7.2
    react-is: ^16.8.0 || ^17.0.0
    react-transition-group: ^4.4.0
  peerDependencies:
    "@types/react": ^16.8.6 || ^17.0.0
    react: ^16.8.0 || ^17.0.0
    react-dom: ^16.8.0 || ^17.0.0
  peerDependenciesMeta:
    "@types/react":
      optional: true
  checksum: 96b48deccda87ced841b1db45bed2be6d2b6d1b4eae72cd5c9b931201cb72026330688e0fead54e715bcead40b267ea88bde781c9f1563b1a71a5c51bf187289
  languageName: node
  linkType: hard

"@material-ui/styles@npm:^4.11.5":
  version: 4.11.5
  resolution: "@material-ui/styles@npm:4.11.5"
  dependencies:
    "@babel/runtime": ^7.4.4
    "@emotion/hash": ^0.8.0
    "@material-ui/types": 5.1.0
    "@material-ui/utils": ^4.11.3
    clsx: ^1.0.4
    csstype: ^2.5.2
    hoist-non-react-statics: ^3.3.2
    jss: ^10.5.1
    jss-plugin-camel-case: ^10.5.1
    jss-plugin-default-unit: ^10.5.1
    jss-plugin-global: ^10.5.1
    jss-plugin-nested: ^10.5.1
    jss-plugin-props-sort: ^10.5.1
    jss-plugin-rule-value-function: ^10.5.1
    jss-plugin-vendor-prefixer: ^10.5.1
    prop-types: ^15.7.2
  peerDependencies:
    "@types/react": ^16.8.6 || ^17.0.0
    react: ^16.8.0 || ^17.0.0
    react-dom: ^16.8.0 || ^17.0.0
  peerDependenciesMeta:
    "@types/react":
      optional: true
  checksum: dbf3985ef57c1b7dae3fd916d5bfd61f2097afb93c9e1f64832cfcb8fc9bbf38a504c9632ed7b76eb5d235670083d9e66d35942bc976b7cd148c71d75b808e82
  languageName: node
  linkType: hard

"@material-ui/system@npm:^4.12.2":
  version: 4.12.2
  resolution: "@material-ui/system@npm:4.12.2"
  dependencies:
    "@babel/runtime": ^7.4.4
    "@material-ui/utils": ^4.11.3
    csstype: ^2.5.2
    prop-types: ^15.7.2
  peerDependencies:
    "@types/react": ^16.8.6 || ^17.0.0
    react: ^16.8.0 || ^17.0.0
    react-dom: ^16.8.0 || ^17.0.0
  peerDependenciesMeta:
    "@types/react":
      optional: true
  checksum: ebe6b3cc5f111034eacd763014f3260f7647b5e0cd132870f2ee18855cf3d51a996b4633035fe6f5f8965489944db4ac0cb3b71b84a765faa35a6861532ac9f6
  languageName: node
  linkType: hard

"@material-ui/types@npm:5.1.0":
  version: 5.1.0
  resolution: "@material-ui/types@npm:5.1.0"
  peerDependencies:
    "@types/react": "*"
  peerDependenciesMeta:
    "@types/react":
      optional: true
  checksum: 64ac0938ee6f48011ba596f7422ab0660d9a8d9b4f5f183b39bd63185b1ce724209f65580f0af686d59b524603ffa57418ca2d443b69bec894303f80779c61f8
  languageName: node
  linkType: hard

"@material-ui/utils@npm:^4.11.3":
  version: 4.11.3
  resolution: "@material-ui/utils@npm:4.11.3"
  dependencies:
    "@babel/runtime": ^7.4.4
    prop-types: ^15.7.2
    react-is: ^16.8.0 || ^17.0.0
  peerDependencies:
    react: ^16.8.0 || ^17.0.0
    react-dom: ^16.8.0 || ^17.0.0
  checksum: 05ff67c982b33d3b4260cfaeaf566f3ccaecaebb231907ed626bcc30322d89d705bfe79b8805c0dda2f1dc2cfa98ca9d731ec8ae12868da7a98568a41c7dc231
  languageName: node
  linkType: hard

"@types/prop-types@npm:*":
  version: 15.7.5
  resolution: "@types/prop-types@npm:15.7.5"
  checksum: 5b43b8b15415e1f298243165f1d44390403bb2bd42e662bca3b5b5633fdd39c938e91b7fce3a9483699db0f7a715d08cef220c121f723a634972fdf596aec980
  languageName: node
  linkType: hard

"@types/react-transition-group@npm:^4.2.0":
  version: 4.4.5
  resolution: "@types/react-transition-group@npm:4.4.5"
  dependencies:
    "@types/react": "*"
  checksum: 265f1c74061556708ffe8d15559e35c60d6c11478c9950d3735575d2c116ca69f461d85effa06d73a613eb8b73c84fd32682feb57cf7c5f9e4284021dbca25b0
  languageName: node
  linkType: hard

"@types/react@npm:*":
  version: 18.0.32
  resolution: "@types/react@npm:18.0.32"
  dependencies:
    "@types/prop-types": "*"
    "@types/scheduler": "*"
    csstype: ^3.0.2
  checksum: c8dbce83c455e520e75f3649988f46100e3a3c0bf7241281ea5bd9067a0368290f0d7c6102e12e6ec9d649134b29a3ef4c421f376ec5aa06ed78cbdd8c144b4c
  languageName: node
  linkType: hard

"@types/scheduler@npm:*":
  version: 0.16.3
  resolution: "@types/scheduler@npm:0.16.3"
  checksum: 2b0aec39c24268e3ce938c5db2f2e77f5c3dd280e05c262d9c2fe7d890929e4632a6b8e94334017b66b45e4f92a5aa42ba3356640c2a1175fa37bef2f5200767
  languageName: node
  linkType: hard

"clsx@npm:^1.0.4":
  version: 1.2.1
  resolution: "clsx@npm:1.2.1"
  checksum: 30befca8019b2eb7dbad38cff6266cf543091dae2825c856a62a8ccf2c3ab9c2907c4d12b288b73101196767f66812365400a227581484a05f968b0307cfaf12
  languageName: node
  linkType: hard

"css-vendor@npm:^2.0.8":
  version: 2.0.8
  resolution: "css-vendor@npm:2.0.8"
  dependencies:
    "@babel/runtime": ^7.8.3
    is-in-browser: ^1.0.2
  checksum: 647cd4ea5e401c65c59376255aa2b708e92bf84fba9ce2b3ff5ecb94bf51d74ac374052b1cf9956ef7419b8ebf07fcea9a7683d2d2459127b2ca747ab5b98745
  languageName: node
  linkType: hard

"csstype@npm:^2.5.2":
  version: 2.6.21
  resolution: "csstype@npm:2.6.21"
  checksum: 2ce8bc832375146eccdf6115a1f8565a27015b74cce197c35103b4494955e9516b246140425ad24103864076aa3e1257ac9bab25a06c8d931dd87a6428c9dccf
  languageName: node
  linkType: hard

"csstype@npm:^3.0.2":
  version: 3.1.2
  resolution: "csstype@npm:3.1.2"
  checksum: e1a52e6c25c1314d6beef5168da704ab29c5186b877c07d822bd0806717d9a265e8493a2e35ca7e68d0f5d472d43fac1cdce70fd79fd0853dff81f3028d857b5
  languageName: node
  linkType: hard

"dom-helpers@npm:^5.0.1":
  version: 5.2.1
  resolution: "dom-helpers@npm:5.2.1"
  dependencies:
    "@babel/runtime": ^7.8.7
    csstype: ^3.0.2
  checksum: 863ba9e086f7093df3376b43e74ce4422571d404fc9828bf2c56140963d5edf0e56160f9b2f3bb61b282c07f8fc8134f023c98fd684bddcb12daf7b0f14d951c
  languageName: node
  linkType: hard

"hoist-non-react-statics@npm:^3.3.2":
  version: 3.3.2
  resolution: "hoist-non-react-statics@npm:3.3.2"
  dependencies:
    react-is: ^16.7.0
  checksum: b1538270429b13901ee586aa44f4cc3ecd8831c061d06cb8322e50ea17b3f5ce4d0e2e66394761e6c8e152cd8c34fb3b4b690116c6ce2bd45b18c746516cb9e8
  languageName: node
  linkType: hard

"hyphenate-style-name@npm:^1.0.3":
  version: 1.0.4
  resolution: "hyphenate-style-name@npm:1.0.4"
  checksum: 4f5bf4b055089754924babebaa23c17845937bcca6aee95d5d015f8fa1e6814279002bd6a9e541e3fac2cd02519fc76305396727066c57c8e21a7e73e7a12137
  languageName: node
  linkType: hard

"is-in-browser@npm:^1.0.2, is-in-browser@npm:^1.1.3":
  version: 1.1.3
  resolution: "is-in-browser@npm:1.1.3"
  checksum: 178491f97f6663c0574565701b76f41633dbe065e4bd8d518ce017a8fa25e5109ecb6a3bd8bd55c0aba11b208f86b9f0f9c91f3664e148ebf618b74a74fcaf09
  languageName: node
  linkType: hard

"js-tokens@npm:^3.0.0 || ^4.0.0":
  version: 4.0.0
  resolution: "js-tokens@npm:4.0.0"
  checksum: 8a95213a5a77deb6cbe94d86340e8d9ace2b93bc367790b260101d2f36a2eaf4e4e22d9fa9cf459b38af3a32fb4190e638024cf82ec95ef708680e405ea7cc78
  languageName: node
  linkType: hard

"jss-plugin-camel-case@npm:^10.5.1":
  version: 10.10.0
  resolution: "jss-plugin-camel-case@npm:10.10.0"
  dependencies:
    "@babel/runtime": ^7.3.1
    hyphenate-style-name: ^1.0.3
    jss: 10.10.0
  checksum: 693485b86f7a0e0bd0c16b8ddd057ca02a993fc088558c96501f9131e7e6261cc9f4b08047879a68441c688c40dceeb5219b1f15ade9043935aade4f37f5ca85
  languageName: node
  linkType: hard

"jss-plugin-default-unit@npm:^10.5.1":
  version: 10.10.0
  resolution: "jss-plugin-default-unit@npm:10.10.0"
  dependencies:
    "@babel/runtime": ^7.3.1
    jss: 10.10.0
  checksum: 6e56213830753ad80bca3824973a667106defaef698d5996d45d03a0e2a3e035b33cd257aa8015040c41bd6669e7598dce72c36099d7ae69db758a7b2ca453fa
  languageName: node
  linkType: hard

"jss-plugin-global@npm:^10.5.1":
  version: 10.10.0
  resolution: "jss-plugin-global@npm:10.10.0"
  dependencies:
    "@babel/runtime": ^7.3.1
    jss: 10.10.0
  checksum: f3af4f40358e96cf89e0c7c84b6e441dc9b4d543cd6109fdf9314a9818fd780d252035f46cc526c3d3fb4393bc29effc6993cc22e04f4e67ec3c889ab760d580
  languageName: node
  linkType: hard

"jss-plugin-nested@npm:^10.5.1":
  version: 10.10.0
  resolution: "jss-plugin-nested@npm:10.10.0"
  dependencies:
    "@babel/runtime": ^7.3.1
    jss: 10.10.0
    tiny-warning: ^1.0.2
  checksum: 190094375972b68eb8f683387c74e97dc8347e7cc4f2fbfd40b3baf077dfde83d70e57be56744690d22537c0390e0a398714d86736df820c64e498df95f937de
  languageName: node
  linkType: hard

"jss-plugin-props-sort@npm:^10.5.1":
  version: 10.10.0
  resolution: "jss-plugin-props-sort@npm:10.10.0"
  dependencies:
    "@babel/runtime": ^7.3.1
    jss: 10.10.0
  checksum: 274483444b6733bd58d229ebdcdb32b3c24172bc83cb2f6f8364926de19acd872758bcf06c7b3af11cf75504a67a7d67abba62b25081d144585a56b4df9512ba
  languageName: node
  linkType: hard

"jss-plugin-rule-value-function@npm:^10.5.1":
  version: 10.10.0
  resolution: "jss-plugin-rule-value-function@npm:10.10.0"
  dependencies:
    "@babel/runtime": ^7.3.1
    jss: 10.10.0
    tiny-warning: ^1.0.2
  checksum: 009c9593b9be8b9f1030b797e58e3c233d90e034e5c68b0cabd25bffc7da965c69dc1ccb1bb6a542d72bb824df89036b2264fe564e8538320ef99febaf2882ee
  languageName: node
  linkType: hard

"jss-plugin-vendor-prefixer@npm:^10.5.1":
  version: 10.10.0
  resolution: "jss-plugin-vendor-prefixer@npm:10.10.0"
  dependencies:
    "@babel/runtime": ^7.3.1
    css-vendor: ^2.0.8
    jss: 10.10.0
  checksum: 879b7233f9b0b571074dc2b88d97a05dbb949012ba2405f1481bbedd521167dc835133632adb3f2d8ffceddd337c8c13e3e8b1931590516c0664039598752dff
  languageName: node
  linkType: hard

"jss@npm:10.10.0, jss@npm:^10.5.1":
  version: 10.10.0
  resolution: "jss@npm:10.10.0"
  dependencies:
    "@babel/runtime": ^7.3.1
    csstype: ^3.0.2
    is-in-browser: ^1.1.3
    tiny-warning: ^1.0.2
  checksum: ecf71971df42729668c283e432e841349b7fdbe52e520f7704991cf4a738fd2451ec0feeb25c12cdc5addf7facecf838e74e62936fd461fb4c99f23d54a4792d
  languageName: node
  linkType: hard

"loose-envify@npm:^1.4.0":
  version: 1.4.0
  resolution: "loose-envify@npm:1.4.0"
  dependencies:
    js-tokens: ^3.0.0 || ^4.0.0
  bin:
    loose-envify: cli.js
  checksum: 6517e24e0cad87ec9888f500c5b5947032cdfe6ef65e1c1936a0c48a524b81e65542c9c3edc91c97d5bddc806ee2a985dbc79be89215d613b1de5db6d1cfe6f4
  languageName: node
  linkType: hard

"object-assign@npm:^4.1.1":
  version: 4.1.1
  resolution: "object-assign@npm:4.1.1"
  checksum: fcc6e4ea8c7fe48abfbb552578b1c53e0d194086e2e6bbbf59e0a536381a292f39943c6e9628af05b5528aa5e3318bb30d6b2e53cadaf5b8fe9e12c4b69af23f
  languageName: node
  linkType: hard

"popper.js@npm:1.16.1-lts":
  version: 1.16.1-lts
  resolution: "popper.js@npm:1.16.1-lts"
  checksum: 27c00b5b07afa91a5e9f9db78a9a61b50f44ca156d09c851cd29d79cd359e54cfde4288ae555b88801438227e452e56cb4b56bd79fd45ab17dac780a70a7e9ac
  languageName: node
  linkType: hard

"prop-types@npm:^15.6.2, prop-types@npm:^15.7.2":
  version: 15.8.1
  resolution: "prop-types@npm:15.8.1"
  dependencies:
    loose-envify: ^1.4.0
    object-assign: ^4.1.1
    react-is: ^16.13.1
  checksum: c056d3f1c057cb7ff8344c645450e14f088a915d078dcda795041765047fa080d38e5d626560ccaac94a4e16e3aa15f3557c1a9a8d1174530955e992c675e459
  languageName: node
  linkType: hard

"react-is@npm:^16.13.1, react-is@npm:^16.7.0":
  version: 16.13.1
  resolution: "react-is@npm:16.13.1"
  checksum: f7a19ac3496de32ca9ae12aa030f00f14a3d45374f1ceca0af707c831b2a6098ef0d6bdae51bd437b0a306d7f01d4677fcc8de7c0d331eb47ad0f46130e53c5f
  languageName: node
  linkType: hard

"react-is@npm:^16.8.0 || ^17.0.0":
  version: 17.0.2
  resolution: "react-is@npm:17.0.2"
  checksum: 9d6d111d8990dc98bc5402c1266a808b0459b5d54830bbea24c12d908b536df7883f268a7868cfaedde3dd9d4e0d574db456f84d2e6df9c4526f99bb4b5344d8
  languageName: node
  linkType: hard

"react-transition-group@npm:^4.4.0":
  version: 4.4.5
  resolution: "react-transition-group@npm:4.4.5"
  dependencies:
    "@babel/runtime": ^7.5.5
    dom-helpers: ^5.0.1
    loose-envify: ^1.4.0
    prop-types: ^15.6.2
  peerDependencies:
    react: ">=16.6.0"
    react-dom: ">=16.6.0"
  checksum: 75602840106aa9c6545149d6d7ae1502fb7b7abadcce70a6954c4b64a438ff1cd16fc77a0a1e5197cdd72da398f39eb929ea06f9005c45b132ed34e056ebdeb1
  languageName: node
  linkType: hard

"regenerator-runtime@npm:^0.13.11":
  version: 0.13.11
  resolution: "regenerator-runtime@npm:0.13.11"
  checksum: 27481628d22a1c4e3ff551096a683b424242a216fee44685467307f14d58020af1e19660bf2e26064de946bad7eff28950eae9f8209d55723e2d9351e632bbb4
  languageName: node
  linkType: hard

"tiny-warning@npm:^1.0.2":
  version: 1.0.3
  resolution: "tiny-warning@npm:1.0.3"
  checksum: da62c4acac565902f0624b123eed6dd3509bc9a8d30c06e017104bedcf5d35810da8ff72864400ad19c5c7806fc0a8323c68baf3e326af7cb7d969f846100d71
  languageName: node
  linkType: hard

"ui-components@workspace:.":
  version: 0.0.0-use.local
  resolution: "ui-components@workspace:."
  dependencies:
    "@material-ui/core": ^4.12.4
  languageName: unknown
  linkType: soft
